// !$*UTF8*$!
{
	archiveVersion = 1;
	classes = {
	};
	objectVersion = 46;
	objects = {

/* Begin PBXBuildFile section */
		DE07A4AE1AFDD31C00D1E7CE /* Foundation.framework in Frameworks */ = {isa = PBXBuildFile; fileRef = DE07A4AD1AFDD31C00D1E7CE /* Foundation.framework */; };
		DE07A4B31AFDD31C00D1E7CE /* NOXcodeEnumDebug.xcscheme in Resources */ = {isa = PBXBuildFile; fileRef = DE07A4B21AFDD31C00D1E7CE /* NOXcodeEnumDebug.xcscheme */; };
		DE07A4B61AFDD31C00D1E7CE /* NOXcodeEnumDebug.m in Sources */ = {isa = PBXBuildFile; fileRef = DE07A4B51AFDD31C00D1E7CE /* NOXcodeEnumDebug.m */; };
		DE2074E91AFE5DA500438510 /* LICENSE in Resources */ = {isa = PBXBuildFile; fileRef = DE2074E71AFE5DA500438510 /* LICENSE */; };
		DE2074EA1AFE5DA500438510 /* README.md in Sources */ = {isa = PBXBuildFile; fileRef = DE2074E81AFE5DA500438510 /* README.md */; };
		DE98BA311AFDD60200472865 /* DVTFoundation.framework in Frameworks */ = {isa = PBXBuildFile; fileRef = DE98BA2F1AFDD60200472865 /* DVTFoundation.framework */; };
		DE98BA321AFDD60200472865 /* DVTKit.framework in Frameworks */ = {isa = PBXBuildFile; fileRef = DE98BA301AFDD60200472865 /* DVTKit.framework */; };
		DE98BA351AFDD61800472865 /* IDEFoundation.framework in Frameworks */ = {isa = PBXBuildFile; fileRef = DE98BA331AFDD61800472865 /* IDEFoundation.framework */; };
		DE98BA361AFDD61800472865 /* IDEKit.framework in Frameworks */ = {isa = PBXBuildFile; fileRef = DE98BA341AFDD61800472865 /* IDEKit.framework */; };
/* End PBXBuildFile section */

/* Begin PBXFileReference section */
		DE07A4A81AFDD31C00D1E7CE /* NOXcodeEnumDebug.xcplugin */ = {isa = PBXFileReference; explicitFileType = wrapper.cfbundle; includeInIndex = 0; path = NOXcodeEnumDebug.xcplugin; sourceTree = BUILT_PRODUCTS_DIR; };
		DE07A4AD1AFDD31C00D1E7CE /* Foundation.framework */ = {isa = PBXFileReference; lastKnownFileType = wrapper.framework; name = Foundation.framework; path = /System/Library/Frameworks/Foundation.framework; sourceTree = "<absolute>"; };
		DE07A4B11AFDD31C00D1E7CE /* Info.plist */ = {isa = PBXFileReference; lastKnownFileType = text.plist.xml; path = Info.plist; sourceTree = "<group>"; };
		DE07A4B21AFDD31C00D1E7CE /* NOXcodeEnumDebug.xcscheme */ = {isa = PBXFileReference; lastKnownFileType = text.xml; name = NOXcodeEnumDebug.xcscheme; path = NOXcodeEnumDebug.xcodeproj/xcshareddata/xcschemes/NOXcodeEnumDebug.xcscheme; sourceTree = SOURCE_ROOT; };
		DE07A4B41AFDD31C00D1E7CE /* NOXcodeEnumDebug.h */ = {isa = PBXFileReference; lastKnownFileType = sourcecode.c.h; path = NOXcodeEnumDebug.h; sourceTree = "<group>"; };
		DE07A4B51AFDD31C00D1E7CE /* NOXcodeEnumDebug.m */ = {isa = PBXFileReference; lastKnownFileType = sourcecode.c.objc; path = NOXcodeEnumDebug.m; sourceTree = "<group>"; };
		DE2074E71AFE5DA500438510 /* LICENSE */ = {isa = PBXFileReference; fileEncoding = 4; lastKnownFileType = text; path = LICENSE; sourceTree = "<group>"; };
		DE2074E81AFE5DA500438510 /* README.md */ = {isa = PBXFileReference; fileEncoding = 4; lastKnownFileType = net.daringfireball.markdown; path = README.md; sourceTree = "<group>"; };
		DE619F4A1AFDD36B00CBBDD5 /* XcodeHeaders.h */ = {isa = PBXFileReference; fileEncoding = 4; lastKnownFileType = sourcecode.c.h; name = XcodeHeaders.h; path = "Xcode Headers/XcodeHeaders.h"; sourceTree = "<group>"; };
		DE98BA2F1AFDD60200472865 /* DVTFoundation.framework */ = {isa = PBXFileReference; lastKnownFileType = wrapper.framework; name = DVTFoundation.framework; path = ../../../../Applications/Xcode.app/Contents/SharedFrameworks/DVTFoundation.framework; sourceTree = "<group>"; };
		DE98BA301AFDD60200472865 /* DVTKit.framework */ = {isa = PBXFileReference; lastKnownFileType = wrapper.framework; name = DVTKit.framework; path = ../../../../Applications/Xcode.app/Contents/SharedFrameworks/DVTKit.framework; sourceTree = "<group>"; };
		DE98BA331AFDD61800472865 /* IDEFoundation.framework */ = {isa = PBXFileReference; lastKnownFileType = wrapper.framework; name = IDEFoundation.framework; path = ../../../../Applications/Xcode.app/Contents/Frameworks/IDEFoundation.framework; sourceTree = "<group>"; };
		DE98BA341AFDD61800472865 /* IDEKit.framework */ = {isa = PBXFileReference; lastKnownFileType = wrapper.framework; name = IDEKit.framework; path = ../../../../Applications/Xcode.app/Contents/Frameworks/IDEKit.framework; sourceTree = "<group>"; };
/* End PBXFileReference section */

/* Begin PBXFrameworksBuildPhase section */
		DE07A4A61AFDD31C00D1E7CE /* Frameworks */ = {
			isa = PBXFrameworksBuildPhase;
			buildActionMask = 2147483647;
			files = (
				DE07A4AE1AFDD31C00D1E7CE /* Foundation.framework in Frameworks */,
				DE98BA321AFDD60200472865 /* DVTKit.framework in Frameworks */,
				DE98BA311AFDD60200472865 /* DVTFoundation.framework in Frameworks */,
				DE98BA361AFDD61800472865 /* IDEKit.framework in Frameworks */,
				DE98BA351AFDD61800472865 /* IDEFoundation.framework in Frameworks */,
			);
			runOnlyForDeploymentPostprocessing = 0;
		};
/* End PBXFrameworksBuildPhase section */

/* Begin PBXGroup section */
		DE07A49F1AFDD31C00D1E7CE = {
			isa = PBXGroup;
			children = (
				DE2074E71AFE5DA500438510 /* LICENSE */,
				DE2074E81AFE5DA500438510 /* README.md */,
				DE07A4AF1AFDD31C00D1E7CE /* NOXcodeEnumDebug */,
				DE07A4AA1AFDD31C00D1E7CE /* Frameworks */,
				DE07A4A91AFDD31C00D1E7CE /* Products */,
			);
			sourceTree = "<group>";
		};
		DE07A4A91AFDD31C00D1E7CE /* Products */ = {
			isa = PBXGroup;
			children = (
				DE07A4A81AFDD31C00D1E7CE /* NOXcodeEnumDebug.xcplugin */,
			);
			name = Products;
			sourceTree = "<group>";
		};
		DE07A4AA1AFDD31C00D1E7CE /* Frameworks */ = {
			isa = PBXGroup;
			children = (
				DE98BA331AFDD61800472865 /* IDEFoundation.framework */,
				DE98BA341AFDD61800472865 /* IDEKit.framework */,
				DE98BA2F1AFDD60200472865 /* DVTFoundation.framework */,
				DE98BA301AFDD60200472865 /* DVTKit.framework */,
				DE07A4AD1AFDD31C00D1E7CE /* Foundation.framework */,
			);
			name = Frameworks;
			sourceTree = "<group>";
		};
		DE07A4AF1AFDD31C00D1E7CE /* NOXcodeEnumDebug */ = {
			isa = PBXGroup;
			children = (
				DE07A4B41AFDD31C00D1E7CE /* NOXcodeEnumDebug.h */,
				DE07A4B51AFDD31C00D1E7CE /* NOXcodeEnumDebug.m */,
				DE619F4A1AFDD36B00CBBDD5 /* XcodeHeaders.h */,
				DE07A4B01AFDD31C00D1E7CE /* Supporting Files */,
			);
			path = NOXcodeEnumDebug;
			sourceTree = "<group>";
		};
		DE07A4B01AFDD31C00D1E7CE /* Supporting Files */ = {
			isa = PBXGroup;
			children = (
				DE07A4B11AFDD31C00D1E7CE /* Info.plist */,
				DE07A4B21AFDD31C00D1E7CE /* NOXcodeEnumDebug.xcscheme */,
			);
			name = "Supporting Files";
			sourceTree = "<group>";
		};
/* End PBXGroup section */

/* Begin PBXNativeTarget section */
		DE07A4A71AFDD31C00D1E7CE /* NOXcodeEnumDebug */ = {
			isa = PBXNativeTarget;
			buildConfigurationList = DE07A4B91AFDD31C00D1E7CE /* Build configuration list for PBXNativeTarget "NOXcodeEnumDebug" */;
			buildPhases = (
				DE07A4A41AFDD31C00D1E7CE /* Sources */,
				DE07A4A51AFDD31C00D1E7CE /* Resources */,
				DE07A4A61AFDD31C00D1E7CE /* Frameworks */,
			);
			buildRules = (
			);
			dependencies = (
			);
			name = NOXcodeEnumDebug;
			productName = NOXcodeEnumDebug;
			productReference = DE07A4A81AFDD31C00D1E7CE /* NOXcodeEnumDebug.xcplugin */;
			productType = "com.apple.product-type.bundle";
		};
/* End PBXNativeTarget section */

/* Begin PBXProject section */
		DE07A4A01AFDD31C00D1E7CE /* Project object */ = {
			isa = PBXProject;
			attributes = {
				LastUpgradeCheck = 0630;
				ORGANIZATIONNAME = "Yuriy Panfyorov";
				TargetAttributes = {
					DE07A4A71AFDD31C00D1E7CE = {
						CreatedOnToolsVersion = 6.3.1;
					};
				};
			};
			buildConfigurationList = DE07A4A31AFDD31C00D1E7CE /* Build configuration list for PBXProject "NOXcodeEnumDebug" */;
			compatibilityVersion = "Xcode 3.2";
			developmentRegion = English;
			hasScannedForEncodings = 0;
			knownRegions = (
				en,
			);
			mainGroup = DE07A49F1AFDD31C00D1E7CE;
			productRefGroup = DE07A4A91AFDD31C00D1E7CE /* Products */;
			projectDirPath = "";
			projectRoot = "";
			targets = (
				DE07A4A71AFDD31C00D1E7CE /* NOXcodeEnumDebug */,
			);
		};
/* End PBXProject section */

/* Begin PBXResourcesBuildPhase section */
		DE07A4A51AFDD31C00D1E7CE /* Resources */ = {
			isa = PBXResourcesBuildPhase;
			buildActionMask = 2147483647;
			files = (
				DE2074E91AFE5DA500438510 /* LICENSE in Resources */,
				DE07A4B31AFDD31C00D1E7CE /* NOXcodeEnumDebug.xcscheme in Resources */,
			);
			runOnlyForDeploymentPostprocessing = 0;
		};
/* End PBXResourcesBuildPhase section */

/* Begin PBXSourcesBuildPhase section */
		DE07A4A41AFDD31C00D1E7CE /* Sources */ = {
			isa = PBXSourcesBuildPhase;
			buildActionMask = 2147483647;
			files = (
				DE2074EA1AFE5DA500438510 /* README.md in Sources */,
				DE07A4B61AFDD31C00D1E7CE /* NOXcodeEnumDebug.m in Sources */,
			);
			runOnlyForDeploymentPostprocessing = 0;
		};
/* End PBXSourcesBuildPhase section */

/* Begin XCBuildConfiguration section */
		DE07A4B71AFDD31C00D1E7CE /* Debug */ = {
			isa = XCBuildConfiguration;
			buildSettings = {
				ALWAYS_SEARCH_USER_PATHS = NO;
				CLANG_CXX_LANGUAGE_STANDARD = "gnu++0x";
				CLANG_CXX_LIBRARY = "libc++";
				CLANG_ENABLE_MODULES = YES;
				CLANG_ENABLE_OBJC_ARC = YES;
				CLANG_WARN_BOOL_CONVERSION = YES;
				CLANG_WARN_CONSTANT_CONVERSION = YES;
				CLANG_WARN_DIRECT_OBJC_ISA_USAGE = YES_ERROR;
				CLANG_WARN_EMPTY_BODY = YES;
				CLANG_WARN_ENUM_CONVERSION = YES;
				CLANG_WARN_INT_CONVERSION = YES;
				CLANG_WARN_OBJC_ROOT_CLASS = YES_ERROR;
				CLANG_WARN_UNREACHABLE_CODE = YES;
				CLANG_WARN__DUPLICATE_METHOD_MATCH = YES;
				COPY_PHASE_STRIP = NO;
				ENABLE_STRICT_OBJC_MSGSEND = YES;
				GCC_C_LANGUAGE_STANDARD = gnu99;
				GCC_DYNAMIC_NO_PIC = NO;
				GCC_NO_COMMON_BLOCKS = YES;
				GCC_OPTIMIZATION_LEVEL = 0;
				GCC_PREPROCESSOR_DEFINITIONS = (
					"DEBUG=1",
					"$(inherited)",
				);
				GCC_SYMBOLS_PRIVATE_EXTERN = NO;
				GCC_WARN_64_TO_32_BIT_CONVERSION = YES;
				GCC_WARN_ABOUT_RETURN_TYPE = YES_ERROR;
				GCC_WARN_UNDECLARED_SELECTOR = YES;
				GCC_WARN_UNINITIALIZED_AUTOS = YES_AGGRESSIVE;
				GCC_WARN_UNUSED_FUNCTION = YES;
				GCC_WARN_UNUSED_VARIABLE = YES;
				MTL_ENABLE_DEBUG_INFO = YES;
				ONLY_ACTIVE_ARCH = YES;
			};
			name = Debug;
		};
		DE07A4B81AFDD31C00D1E7CE /* Release */ = {
			isa = XCBuildConfiguration;
			buildSettings = {
				ALWAYS_SEARCH_USER_PATHS = NO;
				CLANG_CXX_LANGUAGE_STANDARD = "gnu++0x";
				CLANG_CXX_LIBRARY = "libc++";
				CLANG_ENABLE_MODULES = YES;
				CLANG_ENABLE_OBJC_ARC = YES;
				CLANG_WARN_BOOL_CONVERSION = YES;
				CLANG_WARN_CONSTANT_CONVERSION = YES;
				CLANG_WARN_DIRECT_OBJC_ISA_USAGE = YES_ERROR;
				CLANG_WARN_EMPTY_BODY = YES;
				CLANG_WARN_ENUM_CONVERSION = YES;
				CLANG_WARN_INT_CONVERSION = YES;
				CLANG_WARN_OBJC_ROOT_CLASS = YES_ERROR;
				CLANG_WARN_UNREACHABLE_CODE = YES;
				CLANG_WARN__DUPLICATE_METHOD_MATCH = YES;
				COPY_PHASE_STRIP = NO;
				ENABLE_NS_ASSERTIONS = NO;
				ENABLE_STRICT_OBJC_MSGSEND = YES;
				GCC_C_LANGUAGE_STANDARD = gnu99;
				GCC_NO_COMMON_BLOCKS = YES;
				GCC_WARN_64_TO_32_BIT_CONVERSION = YES;
				GCC_WARN_ABOUT_RETURN_TYPE = YES_ERROR;
				GCC_WARN_UNDECLARED_SELECTOR = YES;
				GCC_WARN_UNINITIALIZED_AUTOS = YES_AGGRESSIVE;
				GCC_WARN_UNUSED_FUNCTION = YES;
				GCC_WARN_UNUSED_VARIABLE = YES;
				MTL_ENABLE_DEBUG_INFO = NO;
			};
			name = Release;
		};
		DE07A4BA1AFDD31C00D1E7CE /* Debug */ = {
			isa = XCBuildConfiguration;
			buildSettings = {
				COMBINE_HIDPI_IMAGES = YES;
				DEPLOYMENT_LOCATION = YES;
				DSTROOT = "$(HOME)";
				FRAMEWORK_SEARCH_PATHS = (
					"$(inherited)",
					"$(SYSTEM_APPS_DIR)/Xcode.app/Contents/SharedFrameworks",
					"$(SYSTEM_APPS_DIR)/Xcode.app/Contents/Frameworks",
				);
				INFOPLIST_FILE = NOXcodeEnumDebug/Info.plist;
				INSTALL_PATH = "/Library/Application Support/Developer/Shared/Xcode/Plug-ins";
				MACOSX_DEPLOYMENT_TARGET = 10.10;
				PRODUCT_NAME = "$(TARGET_NAME)";
				WRAPPER_EXTENSION = xcplugin;
			};
			name = Debug;
		};
		DE07A4BB1AFDD31C00D1E7CE /* Release */ = {
			isa = XCBuildConfiguration;
			buildSettings = {
				COMBINE_HIDPI_IMAGES = YES;
				DEPLOYMENT_LOCATION = YES;
				DSTROOT = "$(HOME)";
				FRAMEWORK_SEARCH_PATHS = (
					"$(inherited)",
					"$(SYSTEM_APPS_DIR)/Xcode.app/Contents/SharedFrameworks",
					"$(SYSTEM_APPS_DIR)/Xcode.app/Contents/Frameworks",
				);
				INFOPLIST_FILE = NOXcodeEnumDebug/Info.plist;
				INSTALL_PATH = "/Library/Application Support/Developer/Shared/Xcode/Plug-ins";
				MACOSX_DEPLOYMENT_TARGET = 10.10;
				PRODUCT_NAME = "$(TARGET_NAME)";
				WRAPPER_EXTENSION = xcplugin;
			};
			name = Release;
		};
/* End XCBuildConfiguration section */

/* Begin XCConfigurationList section */
		DE07A4A31AFDD31C00D1E7CE /* Build configuration list for PBXProject "NOXcodeEnumDebug" */ = {
			isa = XCConfigurationList;
			buildConfigurations = (
				DE07A4B71AFDD31C00D1E7CE /* Debug */,
				DE07A4B81AFDD31C00D1E7CE /* Release */,
			);
			defaultConfigurationIsVisible = 0;
			defaultConfigurationName = Release;
		};
		DE07A4B91AFDD31C00D1E7CE /* Build configuration list for PBXNativeTarget "NOXcodeEnumDebug" */ = {
			isa = XCConfigurationList;
			buildConfigurations = (
				DE07A4BA1AFDD31C00D1E7CE /* Debug */,
				DE07A4BB1AFDD31C00D1E7CE /* Release */,
			);
			defaultConfigurationIsVisible = 0;
			defaultConfigurationName = Release;
		};
/* End XCConfigurationList section */
	};
	rootObject = DE07A4A01AFDD31C00D1E7CE /* Project object */;
}
